Microsoft Visual Studio Solution File, Format Version 12.00
# Visual Studio Version 17
VisualStudioVersion = 17.0.31903.59
MinimumVisualStudioVersion = 10.0.40219.1
Project("{FAE04EC0-301F-11D3-BF4B-00C04F79EFBC}") = "LazyForza.Domain", "src\LazyForza.Domain\LazyForza.Domain.csproj", "{A1000001-1111-4111-8111-111111111111}"
EndProject
Project("{FAE04EC0-301F-11D3-BF4B-00C04F79EFBC}") = "LazyForza.Modules.Abstractions", "src\LazyForza.Modules.Abstractions\LazyForza.Modules.Abstractions.csproj", "{A1000002-1111-4111-8111-111111111111}"
EndProject
Project("{FAE04EC0-301F-11D3-BF4B-00C04F79EFBC}") = "LazyForza.Telemetry", "src\LazyForza.Telemetry\LazyForza.Telemetry.csproj", "{A1000003-1111-4111-8111-111111111111}"
EndProject
Project("{FAE04EC0-301F-11D3-BF4B-00C04F79EFBC}") = "LazyForza.Analysis", "src\LazyForza.Analysis\LazyForza.Analysis.csproj", "{A1000004-1111-4111-8111-111111111111}"
EndProject
Project("{FAE04EC0-301F-11D3-BF4B-00C04F79EFBC}") = "LazyForza.Storage", "src\LazyForza.Storage\LazyForza.Storage.csproj", "{A1000005-1111-4111-8111-111111111111}"
EndProject
Project("{FAE04EC0-301F-11D3-BF4B-00C04F79EFBC}") = "LazyForza.Modules.Dashboard", "src\LazyForza.Modules.Dashboard\LazyForza.Modules.Dashboard.csproj", "{A1000006-1111-4111-8111-111111111111}"
EndProject
Project("{FAE04EC0-301F-11D3-BF4B-00C04F79EFBC}") = "LazyForza.Modules.LapAnalysis", "src\LazyForza.Modules.LapAnalysis\LazyForza.Modules.LapAnalysis.csproj", "{A1000007-1111-4111-8111-111111111111}"
EndProject
Project("{FAE04EC0-301F-11D3-BF4B-00C04F79EFBC}") = "LazyForza.Overlay", "src\LazyForza.Overlay\LazyForza.Overlay.csproj", "{A1000008-1111-4111-8111-111111111111}"
EndProject
Project("{FAE04EC0-301F-11D3-BF4B-00C04F79EFBC}") = "LazyForza.App", "src\LazyForza.App\LazyForza.App.csproj", "{A1000009-1111-4111-8111-111111111111}"
EndProject
Project("{FAE04EC0-301F-11D3-BF4B-00C04F79EFBC}") = "LazyForza.Telemetry.Tests", "tests\LazyForza.Telemetry.Tests\LazyForza.Telemetry.Tests.csproj", "{A1000010-1111-4111-8111-111111111111}"
EndProject
Project("{FAE04EC0-301F-11D3-BF4B-00C04F79EFBC}") = "LazyForza.Analysis.Tests", "tests\LazyForza.Analysis.Tests\LazyForza.Analysis.Tests.csproj", "{A1000011-1111-4111-8111-111111111111}"
EndProject
Project("{FAE04EC0-301F-11D3-BF4B-00C04F79EFBC}") = "LazyForza.Storage.Tests", "tests\LazyForza.Storage.Tests\LazyForza.Storage.Tests.csproj", "{A1000012-1111-4111-8111-111111111111}"
EndProject
Project("{FAE04EC0-301F-11D3-BF4B-00C04F79EFBC}") = "LazyForza.IntegrationTests", "tests\LazyForza.IntegrationTests\LazyForza.IntegrationTests.csproj", "{A1000013-1111-4111-8111-111111111111}"
EndProject
Project("{FAE04EC0-301F-11D3-BF4B-00C04F79EFBC}") = "LazyForza.Update", "src\LazyForza.Update\LazyForza.Update.csproj", "{A1000014-1111-4111-8111-111111111111}"
EndProject
Project("{FAE04EC0-301F-11D3-BF4B-00C04F79EFBC}") = "LazyForza.Performance", "tools\LazyForza.Performance\LazyForza.Performance.csproj", "{A1000015-1111-4111-8111-111111111111}"
EndProject
Project("{FAE04EC0-301F-11D3-BF4B-00C04F79EFBC}") = "LazyForza.EstateProbe", "tools\LazyForza.EstateProbe\LazyForza.EstateProbe.csproj", "{A1000016-1111-4111-8111-111111111111}"
EndProject
Project("{FAE04EC0-301F-11D3-BF4B-00C04F79EFBC}") = "LazyForza.Modules.EstateRace", "src\LazyForza.Modules.EstateRace\LazyForza.Modules.EstateRace.csproj", "{A1000017-1111-4111-8111-111111111111}"
EndProject
Global
	GlobalSection(SolutionConfigurationPlatforms) = preSolution
		Debug|Any CPU = Debug|Any CPU
		Release|Any CPU = Release|Any CPU
	EndGlobalSection
	GlobalSection(ProjectConfigurationPlatforms) = postSolution
		{A1000001-1111-4111-8111-111111111111}.Debug|Any CPU.ActiveCfg = Debug|Any CPU
		{A1000001-1111-4111-8111-111111111111}.Debug|Any CPU.Build.0 = Debug|Any CPU
		{A1000001-1111-4111-8111-111111111111}.Release|Any CPU.ActiveCfg = Release|Any CPU
		{A1000001-1111-4111-8111-111111111111}.Release|Any CPU.Build.0 = Release|Any CPU
		{A1000002-1111-4111-8111-111111111111}.Debug|Any CPU.ActiveCfg = Debug|Any CPU
		{A1000002-1111-4111-8111-111111111111}.Debug|Any CPU.Build.0 = Debug|Any CPU
		{A1000002-1111-4111-8111-111111111111}.Release|Any CPU.ActiveCfg = Release|Any CPU
		{A1000002-1111-4111-8111-111111111111}.Release|Any CPU.Build.0 = Release|Any CPU
		{A1000003-1111-4111-8111-111111111111}.Debug|Any CPU.ActiveCfg = Debug|Any CPU
		{A1000003-1111-4111-8111-111111111111}.Debug|Any CPU.Build.0 = Debug|Any CPU
		{A1000003-1111-4111-8111-111111111111}.Release|Any CPU.ActiveCfg = Release|Any CPU
		{A1000003-1111-4111-8111-111111111111}.Release|Any CPU.Build.0 = Release|Any CPU
		{A1000004-1111-4111-8111-111111111111}.Debug|Any CPU.ActiveCfg = Debug|Any CPU
		{A1000004-1111-4111-8111-111111111111}.Debug|Any CPU.Build.0 = Debug|Any CPU
		{A1000004-1111-4111-8111-111111111111}.Release|Any CPU.ActiveCfg = Release|Any CPU
		{A1000004-1111-4111-8111-111111111111}.Release|Any CPU.Build.0 = Release|Any CPU
		{A1000005-1111-4111-8111-111111111111}.Debug|Any CPU.ActiveCfg = Debug|Any CPU
		{A1000005-1111-4111-8111-111111111111}.Debug|Any CPU.Build.0 = Debug|Any CPU
		{A1000005-1111-4111-8111-111111111111}.Release|Any CPU.ActiveCfg = Release|Any CPU
		{A1000005-1111-4111-8111-111111111111}.Release|Any CPU.Build.0 = Release|Any CPU
		{A1000006-1111-4111-8111-111111111111}.Debug|Any CPU.ActiveCfg = Debug|Any CPU
		{A1000006-1111-4111-8111-111111111111}.Debug|Any CPU.Build.0 = Debug|Any CPU
		{A1000006-1111-4111-8111-111111111111}.Release|Any CPU.ActiveCfg = Release|Any CPU
		{A1000006-1111-4111-8111-111111111111}.Release|Any CPU.Build.0 = Release|Any CPU
		{A1000007-1111-4111-8111-111111111111}.Debug|Any CPU.ActiveCfg = Debug|Any CPU
		{A1000007-1111-4111-8111-111111111111}.Debug|Any CPU.Build.0 = Debug|Any CPU
		{A1000007-1111-4111-8111-111111111111}.Release|Any CPU.ActiveCfg = Release|Any CPU
		{A1000007-1111-4111-8111-111111111111}.Release|Any CPU.Build.0 = Release|Any CPU
		{A1000008-1111-4111-8111-111111111111}.Debug|Any CPU.ActiveCfg = Debug|Any CPU
		{A1000008-1111-4111-8111-111111111111}.Debug|Any CPU.Build.0 = Debug|Any CPU
		{A1000008-1111-4111-8111-111111111111}.Release|Any CPU.ActiveCfg = Release|Any CPU
		{A1000008-1111-4111-8111-111111111111}.Release|Any CPU.Build.0 = Release|Any CPU
		{A1000009-1111-4111-8111-111111111111}.Debug|Any CPU.ActiveCfg = Debug|Any CPU
		{A1000009-1111-4111-8111-111111111111}.Debug|Any CPU.Build.0 = Debug|Any CPU
		{A1000009-1111-4111-8111-111111111111}.Release|Any CPU.ActiveCfg = Release|Any CPU
		{A1000009-1111-4111-8111-111111111111}.Release|Any CPU.Build.0 = Release|Any CPU
		{A1000010-1111-4111-8111-111111111111}.Debug|Any CPU.ActiveCfg = Debug|Any CPU
		{A1000010-1111-4111-8111-111111111111}.Debug|Any CPU.Build.0 = Debug|Any CPU
		{A1000010-1111-4111-8111-111111111111}.Release|Any CPU.ActiveCfg = Release|Any CPU
		{A1000010-1111-4111-8111-111111111111}.Release|Any CPU.Build.0 = Release|Any CPU
		{A1000011-1111-4111-8111-111111111111}.Debug|Any CPU.ActiveCfg = Debug|Any CPU
		{A1000011-1111-4111-8111-111111111111}.Debug|Any CPU.Build.0 = Debug|Any CPU
		{A1000011-1111-4111-8111-111111111111}.Release|Any CPU.ActiveCfg = Release|Any CPU
		{A1000011-1111-4111-8111-111111111111}.Release|Any CPU.Build.0 = Release|Any CPU
		{A1000012-1111-4111-8111-111111111111}.Debug|Any CPU.ActiveCfg = Debug|Any CPU
		{A1000012-1111-4111-8111-111111111111}.Debug|Any CPU.Build.0 = Debug|Any CPU
		{A1000012-1111-4111-8111-111111111111}.Release|Any CPU.ActiveCfg = Release|Any CPU
		{A1000012-1111-4111-8111-111111111111}.Release|Any CPU.Build.0 = Release|Any CPU
		{A1000013-1111-4111-8111-111111111111}.Debug|Any CPU.ActiveCfg = Debug|Any CPU
		{A1000013-1111-4111-8111-111111111111}.Debug|Any CPU.Build.0 = Debug|Any CPU
		{A1000013-1111-4111-8111-111111111111}.Release|Any CPU.ActiveCfg = Release|Any CPU
		{A1000013-1111-4111-8111-111111111111}.Release|Any CPU.Build.0 = Release|Any CPU
		{A1000014-1111-4111-8111-111111111111}.Debug|Any CPU.ActiveCfg = Debug|Any CPU
		{A1000014-1111-4111-8111-111111111111}.Debug|Any CPU.Build.0 = Debug|Any CPU
		{A1000014-1111-4111-8111-111111111111}.Release|Any CPU.ActiveCfg = Release|Any CPU
		{A1000014-1111-4111-8111-111111111111}.Release|Any CPU.Build.0 = Release|Any CPU
		{A1000015-1111-4111-8111-111111111111}.Debug|Any CPU.ActiveCfg = Debug|Any CPU
		{A1000015-1111-4111-8111-111111111111}.Debug|Any CPU.Build.0 = Debug|Any CPU
		{A1000015-1111-4111-8111-111111111111}.Release|Any CPU.ActiveCfg = Release|Any CPU
		{A1000015-1111-4111-8111-111111111111}.Release|Any CPU.Build.0 = Release|Any CPU
		{A1000016-1111-4111-8111-111111111111}.Debug|Any CPU.ActiveCfg = Debug|Any CPU
		{A1000016-1111-4111-8111-111111111111}.Debug|Any CPU.Build.0 = Debug|Any CPU
		{A1000016-1111-4111-8111-111111111111}.Release|Any CPU.ActiveCfg = Release|Any CPU
		{A1000016-1111-4111-8111-111111111111}.Release|Any CPU.Build.0 = Release|Any CPU
		{A1000017-1111-4111-8111-111111111111}.Debug|Any CPU.ActiveCfg = Debug|Any CPU
		{A1000017-1111-4111-8111-111111111111}.Debug|Any CPU.Build.0 = Debug|Any CPU
		{A1000017-1111-4111-8111-111111111111}.Release|Any CPU.ActiveCfg = Release|Any CPU
		{A1000017-1111-4111-8111-111111111111}.Release|Any CPU.Build.0 = Release|Any CPU
	EndGlobalSection
	GlobalSection(SolutionProperties) = preSolution
		HideSolutionNode = FALSE
	EndGlobalSection
EndGlobal
